
Microsoft Visual Studio Solution File, Format Version 12.00
# Visual Studio Version 17
VisualStudioVersion = 17.7.34009.444
MinimumVisualStudioVersion = 10.0.40219.1
Project("{FAE04EC0-301F-11D3-BF4B-00C04F79EFBC}") = "Graphs", "Graphs\Graphs.csproj", "{C0083219-0BEE-4BB7-A44E-4DC1A381C06E}"
EndProject
Global
	GlobalSection(SolutionConfigurationPlatforms) = preSolution
		Debug|Any CPU = Debug|Any CPU
		Release|Any CPU = Release|Any CPU
	EndGlobalSection
	GlobalSection(ProjectConfigurationPlatforms) = postSolution
		{C0083219-0BEE-4BB7-A44E-4DC1A381C06E}.Debug|Any CPU.ActiveCfg = Debug|Any CPU
		{C0083219-0BEE-4BB7-A44E-4DC1A381C06E}.Debug|Any CPU.Build.0 = Debug|Any CPU
		{C0083219-0BEE-4BB7-A44E-4DC1A381C06E}.Release|Any CPU.ActiveCfg = Release|Any CPU
		{C0083219-0BEE-4BB7-A44E-4DC1A381C06E}.Release|Any CPU.Build.0 = Release|Any CPU
	EndGlobalSection
	GlobalSection(SolutionProperties) = preSolution
		HideSolutionNode = FALSE
	EndGlobalSection
	GlobalSection(ExtensibilityGlobals) = postSolution
		SolutionGuid = {9C8D3CF6-7489-48A7-A41E-C916A00709D0}
	EndGlobalSection
EndGlobal
